// !$*UTF8*$!
{
	archiveVersion = 1;
	classes = {
	};
	objectVersion = 46;
	objects = {

/* Begin PBXBuildFile section */
		622A77D71E2D97320001443D /* main.m in Sources */ = {isa = PBXBuildFile; fileRef = 622A77D61E2D97320001443D /* main.m */; };
		622A77DA1E2D97320001443D /* AppDelegate.m in Sources */ = {isa = PBXBuildFile; fileRef = 622A77D91E2D97320001443D /* AppDelegate.m */; };
		622A77DD1E2D97320001443D /* ViewController.m in Sources */ = {isa = PBXBuildFile; fileRef = 622A77DC1E2D97320001443D /* ViewController.m */; };
		622A77E01E2D97320001443D /* Main.storyboard in Resources */ = {isa = PBXBuildFile; fileRef = 622A77DE1E2D97320001443D /* Main.storyboard */; };
		622A77E21E2D97320001443D /* Assets.xcassets in Resources */ = {isa = PBXBuildFile; fileRef = 622A77E11E2D97320001443D /* Assets.xcassets */; };
		622A77E51E2D97320001443D /* LaunchScreen.storyboard in Resources */ = {isa = PBXBuildFile; fileRef = 622A77E31E2D97320001443D /* LaunchScreen.storyboard */; };
/* End PBXBuildFile section */

/* Begin PBXFileReference section */
		622A77D21E2D97320001443D /* WSSliderView.app */ = {isa = PBXFileReference; explicitFileType = wrapper.application; includeInIndex = 0; path = WSSliderView.app; sourceTree = BUILT_PRODUCTS_DIR; };
		622A77D61E2D97320001443D /* main.m */ = {isa = PBXFileReference; lastKnownFileType = sourcecode.c.objc; path = main.m; sourceTree = "<group>"; };
		622A77D81E2D97320001443D /* AppDelegate.h */ = {isa = PBXFileReference; lastKnownFileType = sourcecode.c.h; path = AppDelegate.h; sourceTree = "<group>"; };
		622A77D91E2D97320001443D /* AppDelegate.m */ = {isa = PBXFileReference; lastKnownFileType = sourcecode.c.objc; path = AppDelegate.m; sourceTree = "<group>"; };
		622A77DB1E2D97320001443D /* ViewController.h */ = {isa = PBXFileReference; lastKnownFileType = sourcecode.c.h; path = ViewController.h; sourceTree = "<group>"; };
		622A77DC1E2D97320001443D /* ViewController.m */ = {isa = PBXFileReference; lastKnownFileType = sourcecode.c.objc; path = ViewController.m; sourceTree = "<group>"; };
		622A77DF1E2D97320001443D /* Base */ = {isa = PBXFileReference; lastKnownFileType = file.storyboard; name = Base; path = Base.lproj/Main.storyboard; sourceTree = "<group>"; };
		622A77E11E2D97320001443D /* Assets.xcassets */ = {isa = PBXFileReference; lastKnownFileType = folder.assetcatalog; path = Assets.xcassets; sourceTree = "<group>"; };
		622A77E41E2D97320001443D /* Base */ = {isa = PBXFileReference; lastKnownFileType = file.storyboard; name = Base; path = Base.lproj/LaunchScreen.storyboard; sourceTree = "<group>"; };
		622A77E61E2D97320001443D /* Info.plist */ = {isa = PBXFileReference; lastKnownFileType = text.plist.xml; path = Info.plist; sourceTree = "<group>"; };
/* End PBXFileReference section */

/* Begin PBXFrameworksBuildPhase section */
		622A77CF1E2D97320001443D /* Frameworks */ = {
			isa = PBXFrameworksBuildPhase;
			buildActionMask = 2147483647;
			files = (
			);
			runOnlyForDeploymentPostprocessing = 0;
		};
/* End PBXFrameworksBuildPhase section */

/* Begin PBXGroup section */
		622A77C91E2D97320001443D = {
			isa = PBXGroup;
			children = (
				622A77D41E2D97320001443D /* WSSliderView */,
				622A77D31E2D97320001443D /* Products */,
			);
			sourceTree = "<group>";
		};
		622A77D31E2D97320001443D /* Products */ = {
			isa = PBXGroup;
			children = (
				622A77D21E2D97320001443D /* WSSliderView.app */,
			);
			name = Products;
			sourceTree = "<group>";
		};
		622A77D41E2D97320001443D /* WSSliderView */ = {
			isa = PBXGroup;
			children = (
				622A77D81E2D97320001443D /* AppDelegate.h */,
				622A77D91E2D97320001443D /* AppDelegate.m */,
				622A77DB1E2D97320001443D /* ViewController.h */,
				622A77DC1E2D97320001443D /* ViewController.m */,
				622A77DE1E2D97320001443D /* Main.storyboard */,
				622A77E11E2D97320001443D /* Assets.xcassets */,
				622A77E31E2D97320001443D /* LaunchScreen.storyboard */,
				622A77E61E2D97320001443D /* Info.plist */,
				622A77D51E2D97320001443D /* Supporting Files */,
			);
			path = WSSliderView;
			sourceTree = "<group>";
		};
		622A77D51E2D97320001443D /* Supporting Files */ = {
			isa = PBXGroup;
			children = (
				622A77D61E2D97320001443D /* main.m */,
			);
			name = "Supporting Files";
			sourceTree = "<group>";
		};
/* End PBXGroup section */

/* Begin PBXNativeTarget section */
		622A77D11E2D97320001443D /* WSSliderView */ = {
			isa = PBXNativeTarget;
			buildConfigurationList = 622A77E91E2D97320001443D /* Build configuration list for PBXNativeTarget "WSSliderView" */;
			buildPhases = (
				622A77CE1E2D97320001443D /* Sources */,
				622A77CF1E2D97320001443D /* Frameworks */,
				622A77D01E2D97320001443D /* Resources */,
			);
			buildRules = (
			);
			dependencies = (
			);
			name = WSSliderView;
			productName = WSSliderView;
			productReference = 622A77D21E2D97320001443D /* WSSliderView.app */;
			productType = "com.apple.product-type.application";
		};
/* End PBXNativeTarget section */

/* Begin PBXProject section */
		622A77CA1E2D97320001443D /* Project object */ = {
			isa = PBXProject;
			attributes = {
				LastUpgradeCheck = 0820;
				ORGANIZATIONNAME = wogsoft;
				TargetAttributes = {
					622A77D11E2D97320001443D = {
						CreatedOnToolsVersion = 8.2.1;
						DevelopmentTeam = 3YVEK3ZUAK;
						ProvisioningStyle = Automatic;
					};
				};
			};
			buildConfigurationList = 622A77CD1E2D97320001443D /* Build configuration list for PBXProject "WSSliderView" */;
			compatibilityVersion = "Xcode 3.2";
			developmentRegion = English;
			hasScannedForEncodings = 0;
			knownRegions = (
				en,
				Base,
			);
			mainGroup = 622A77C91E2D97320001443D;
			productRefGroup = 622A77D31E2D97320001443D /* Products */;
			projectDirPath = "";
			projectRoot = "";
			targets = (
				622A77D11E2D97320001443D /* WSSliderView */,
			);
		};
/* End PBXProject section */

/* Begin PBXResourcesBuildPhase section */
		622A77D01E2D97320001443D /* Resources */ = {
			isa = PBXResourcesBuildPhase;
			buildActionMask = 2147483647;
			files = (
				622A77E51E2D97320001443D /* LaunchScreen.storyboard in Resources */,
				622A77E21E2D97320001443D /* Assets.xcassets in Resources */,
				622A77E01E2D97320001443D /* Main.storyboard in Resources */,
			);
			runOnlyForDeploymentPostprocessing = 0;
		};
/* End PBXResourcesBuildPhase section */

/* Begin PBXSourcesBuildPhase section */
		622A77CE1E2D97320001443D /* Sources */ = {
			isa = PBXSourcesBuildPhase;
			buildActionMask = 2147483647;
			files = (
				622A77DD1E2D97320001443D /* ViewController.m in Sources */,
				622A77DA1E2D97320001443D /* AppDelegate.m in Sources */,
				622A77D71E2D97320001443D /* main.m in Sources */,
			);
			runOnlyForDeploymentPostprocessing = 0;
		};
/* End PBXSourcesBuildPhase section */

/* Begin PBXVariantGroup section */
		622A77DE1E2D97320001443D /* Main.storyboard */ = {
			isa = PBXVariantGroup;
			children = (
				622A77DF1E2D97320001443D /* Base */,
			);
			name = Main.storyboard;
			sourceTree = "<group>";
		};
		622A77E31E2D97320001443D /* LaunchScreen.storyboard */ = {
			isa = PBXVariantGroup;
			children = (
				622A77E41E2D97320001443D /* Base */,
			);
			name = LaunchScreen.storyboard;
			sourceTree = "<group>";
		};
/* End PBXVariantGroup section */

/* Begin XCBuildConfiguration section */
		622A77E71E2D97320001443D /* Debug */ = {
			isa = XCBuildConfiguration;
			buildSettings = {
				ALWAYS_SEARCH_USER_PATHS = NO;
				CLANG_ANALYZER_NONNULL = YES;
				CLANG_CXX_LANGUAGE_STANDARD = "gnu++0x";
				CLANG_CXX_LIBRARY = "libc++";
				CLANG_ENABLE_MODULES = YES;
				CLANG_ENABLE_OBJC_ARC = YES;
				CLANG_WARN_BOOL_CONVERSION = YES;
				CLANG_WARN_CONSTANT_CONVERSION = YES;
				CLANG_WARN_DIRECT_OBJC_ISA_USAGE = YES_ERROR;
				CLANG_WARN_DOCUMENTATION_COMMENTS = YES;
				CLANG_WARN_EMPTY_BODY = YES;
				CLANG_WARN_ENUM_CONVERSION = YES;
				CLANG_WARN_INFINITE_RECURSION = YES;
				CLANG_WARN_INT_CONVERSION = YES;
				CLANG_WARN_OBJC_ROOT_CLASS = YES_ERROR;
				CLANG_WARN_SUSPICIOUS_MOVE = YES;
				CLANG_WARN_UNREACHABLE_CODE = YES;
				CLANG_WARN__DUPLICATE_METHOD_MATCH = YES;
				"CODE_SIGN_IDENTITY[sdk=iphoneos*]" = "iPhone Developer";
				COPY_PHASE_STRIP = NO;
				DEBUG_INFORMATION_FORMAT = dwarf;
				ENABLE_STRICT_OBJC_MSGSEND = YES;
				ENABLE_TESTABILITY = YES;
				GCC_C_LANGUAGE_STANDARD = gnu99;
				GCC_DYNAMIC_NO_PIC = NO;
				GCC_NO_COMMON_BLOCKS = YES;
				GCC_OPTIMIZATION_LEVEL = 0;
				GCC_PREPROCESSOR_DEFINITIONS = (
					"DEBUG=1",
					"$(inherited)",
				);
				GCC_WARN_64_TO_32_BIT_CONVERSION = YES;
				GCC_WARN_ABOUT_RETURN_TYPE = YES_ERROR;
				GCC_WARN_UNDECLARED_SELECTOR = YES;
				GCC_WARN_UNINITIALIZED_AUTOS = YES_AGGRESSIVE;
				GCC_WARN_UNUSED_FUNCTION = YES;
				GCC_WARN_UNUSED_VARIABLE = YES;
				IPHONEOS_DEPLOYMENT_TARGET = 10.2;
				MTL_ENABLE_DEBUG_INFO = YES;
				ONLY_ACTIVE_ARCH = YES;
				SDKROOT = iphoneos;
				TARGETED_DEVICE_FAMILY = "1,2";
			};
			name = Debug;
		};
		622A77E81E2D97320001443D /* Release */ = {
			isa = XCBuildConfiguration;
			buildSettings = {
				ALWAYS_SEARCH_USER_PATHS = NO;
				CLANG_ANALYZER_NONNULL = YES;
				CLANG_CXX_LANGUAGE_STANDARD = "gnu++0x";
				CLANG_CXX_LIBRARY = "libc++";
				CLANG_ENABLE_MODULES = YES;
				CLANG_ENABLE_OBJC_ARC = YES;
				CLANG_WARN_BOOL_CONVERSION = YES;
				CLANG_WARN_CONSTANT_CONVERSION = YES;
				CLANG_WARN_DIRECT_OBJC_ISA_USAGE = YES_ERROR;
				CLANG_WARN_DOCUMENTATION_COMMENTS = YES;
				CLANG_WARN_EMPTY_BODY = YES;
				CLANG_WARN_ENUM_CONVERSION = YES;
				CLANG_WARN_INFINITE_RECURSION = YES;
				CLANG_WARN_INT_CONVERSION = YES;
				CLANG_WARN_OBJC_ROOT_CLASS = YES_ERROR;
				CLANG_WARN_SUSPICIOUS_MOVE = YES;
				CLANG_WARN_UNREACHABLE_CODE = YES;
				CLANG_WARN__DUPLICATE_METHOD_MATCH = YES;
				"CODE_SIGN_IDENTITY[sdk=iphoneos*]" = "iPhone Developer";
				COPY_PHASE_STRIP = NO;
				DEBUG_INFORMATION_FORMAT = "dwarf-with-dsym";
				ENABLE_NS_ASSERTIONS = NO;
				ENABLE_STRICT_OBJC_MSGSEND = YES;
				GCC_C_LANGUAGE_STANDARD = gnu99;
				GCC_NO_COMMON_BLOCKS = YES;
				GCC_WARN_64_TO_32_BIT_CONVERSION = YES;
				GCC_WARN_ABOUT_RETURN_TYPE = YES_ERROR;
				GCC_WARN_UNDECLARED_SELECTOR = YES;
				GCC_WARN_UNINITIALIZED_AUTOS = YES_AGGRESSIVE;
				GCC_WARN_UNUSED_FUNCTION = YES;
				GCC_WARN_UNUSED_VARIABLE = YES;
				IPHONEOS_DEPLOYMENT_TARGET = 10.2;
				MTL_ENABLE_DEBUG_INFO = NO;
				SDKROOT = iphoneos;
				TARGETED_DEVICE_FAMILY = "1,2";
				VALIDATE_PRODUCT = YES;
			};
			name = Release;
		};
		622A77EA1E2D97320001443D /* Debug */ = {
			isa = XCBuildConfiguration;
			buildSettings = {
				ASSETCATALOG_COMPILER_APPICON_NAME = AppIcon;
				DEVELOPMENT_TEAM = 3YVEK3ZUAK;
				INFOPLIST_FILE = WSSliderView/Info.plist;
				LD_RUNPATH_SEARCH_PATHS = "$(inherited) @executable_path/Frameworks";
				PRODUCT_BUNDLE_IDENTIFIER = com.wogsoft.WSSliderView;
				PRODUCT_NAME = "$(TARGET_NAME)";
			};
			name = Debug;
		};
		622A77EB1E2D97320001443D /* Release */ = {
			isa = XCBuildConfiguration;
			buildSettings = {
				ASSETCATALOG_COMPILER_APPICON_NAME = AppIcon;
				DEVELOPMENT_TEAM = 3YVEK3ZUAK;
				INFOPLIST_FILE = WSSliderView/Info.plist;
				LD_RUNPATH_SEARCH_PATHS = "$(inherited) @executable_path/Frameworks";
				PRODUCT_BUNDLE_IDENTIFIER = com.wogsoft.WSSliderView;
				PRODUCT_NAME = "$(TARGET_NAME)";
			};
			name = Release;
		};
/* End XCBuildConfiguration section */

/* Begin XCConfigurationList section */
		622A77CD1E2D97320001443D /* Build configuration list for PBXProject "WSSliderView" */ = {
			isa = XCConfigurationList;
			buildConfigurations = (
				622A77E71E2D97320001443D /* Debug */,
				622A77E81E2D97320001443D /* Release */,
			);
			defaultConfigurationIsVisible = 0;
			defaultConfigurationName = Release;
		};
		622A77E91E2D97320001443D /* Build configuration list for PBXNativeTarget "WSSliderView" */ = {
			isa = XCConfigurationList;
			buildConfigurations = (
				622A77EA1E2D97320001443D /* Debug */,
				622A77EB1E2D97320001443D /* Release */,
			);
			defaultConfigurationIsVisible = 0;
		};
/* End XCConfigurationList section */
	};
	rootObject = 622A77CA1E2D97320001443D /* Project object */;
}
